<?xml version="1.0" encoding="utf-8"?>
<Project ToolsVersion="4.0" xmlns="http://schemas.microsoft.com/developer/msbuild/2003">
  <ItemGroup>
    <Filter Include="源文件">
      <UniqueIdentifier>{4FC737F1-C7A5-4376-A066-2A32D752A2FF}</UniqueIdentifier>
      <Extensions>cpp;c;cc;cxx;c++;cppm;ixx;def;odl;idl;hpj;bat;asm;asmx</Extensions>
    </Filter>
    <Filter Include="头文件">
      <UniqueIdentifier>{93995380-89BD-4b04-88EB-625FBE52EBFB}</UniqueIdentifier>
      <Extensions>h;hh;hpp;hxx;h++;hm;inl;inc;ipp;xsd</Extensions>
    </Filter>
    <Filter Include="资源文件">
      <UniqueIdentifier>{67DA6AB6-F800-4c08-8B7A-83BB121AAD01}</UniqueIdentifier>
      <Extensions>rc;ico;cur;bmp;dlg;rc2;rct;bin;rgs;gif;jpg;jpeg;jpe;resx;tiff;tif;png;wav;mfcribbon-ms</Extensions>
    </Filter>
    <Filter Include="源文件\Utils">
      <UniqueIdentifier>{a1e84dcc-22ec-4852-a926-dce0982bdc10}</UniqueIdentifier>
    </Filter>
    <Filter Include="源文件\Lib">
      <UniqueIdentifier>{9a066759-0bf4-4f56-a895-3d5e383626c0}</UniqueIdentifier>
    </Filter>
    <Filter Include="源文件\Genshin">
      <UniqueIdentifier>{10a372bc-6b81-41ca-bee0-115d7cb4e8a0}</UniqueIdentifier>
    </Filter>
    <Filter Include="源文件\Genshin\Player">
      <UniqueIdentifier>{d8fea6fd-0884-468d-84ce-15a63d5ca168}</UniqueIdentifier>
    </Filter>
    <Filter Include="源文件\Genshin\Ground">
      <UniqueIdentifier>{822e5467-647f-40cb-891d-cd7364e8e60a}</UniqueIdentifier>
    </Filter>
    <Filter Include="源文件\Genshin\Enemy">
      <UniqueIdentifier>{c03f5f41-3f9a-43a5-a2a7-5cc75c0d34a6}</UniqueIdentifier>
    </Filter>
    <Filter Include="头文件\Lib">
      <UniqueIdentifier>{d79b735e-a809-41a9-8d6d-c9fd9438859b}</UniqueIdentifier>
    </Filter>
    <Filter Include="头文件\Genshin">
      <UniqueIdentifier>{2f5e013b-08f5-41e3-a586-53935868fe09}</UniqueIdentifier>
    </Filter>
    <Filter Include="头文件\Utils">
      <UniqueIdentifier>{52bee0f0-e4bc-4796-ae7e-2273a58fcc4f}</UniqueIdentifier>
    </Filter>
    <Filter Include="资源文件\Shaders">
      <UniqueIdentifier>{80ccd276-fdb8-44d6-bec6-f07bea5716b6}</UniqueIdentifier>
    </Filter>
    <Filter Include="头文件\Genshin\Ground">
      <UniqueIdentifier>{eba3bcb8-6b44-42a0-8eef-af11c3064176}</UniqueIdentifier>
    </Filter>
    <Filter Include="头文件\Genshin\Enemy">
      <UniqueIdentifier>{16fdcf05-f271-4dce-aa27-828588e65bde}</UniqueIdentifier>
    </Filter>
    <Filter Include="头文件\Genshin\Player">
      <UniqueIdentifier>{02a7bf83-d61a-4b9b-9322-7198ee648c45}</UniqueIdentifier>
    </Filter>
    <Filter Include="源文件\Genshin\Entity">
      <UniqueIdentifier>{b574bdb4-ec80-4fea-8309-1f8f49919be0}</UniqueIdentifier>
    </Filter>
    <Filter Include="头文件\Genshin\Entity">
      <UniqueIdentifier>{a16cc9a1-cc39-470d-9400-89483943d9fc}</UniqueIdentifier>
    </Filter>
    <Filter Include="资源文件\Textures">
      <UniqueIdentifier>{5c60fb92-ad88-47f5-bd7b-a0172b2a2205}</UniqueIdentifier>
    </Filter>
    <Filter Include="头文件\Genshin\App">
      <UniqueIdentifier>{f3728ffa-02ab-4db3-8a38-33e7f5636970}</UniqueIdentifier>
    </Filter>
    <Filter Include="源文件\Genshin\App">
      <UniqueIdentifier>{71428eaa-2c5f-4f63-9c4f-1ff7a5f2adbe}</UniqueIdentifier>
    </Filter>
    <Filter Include="头文件\Genshin\GameObject">
      <UniqueIdentifier>{3d049b89-1bb1-483b-b04b-4d70af67eb40}</UniqueIdentifier>
    </Filter>
    <Filter Include="源文件\Genshin\GameObject">
      <UniqueIdentifier>{c68cdfe5-3e0d-4452-8126-bda126d58fc0}</UniqueIdentifier>
    </Filter>
  </ItemGroup>
  <ItemGroup>
    <ClCompile Include="..\..\..\glad\src\glad.c">
      <Filter>源文件\Lib</Filter>
    </ClCompile>
    <ClCompile Include="Src\Main.cpp">
      <Filter>源文件\Genshin\App</Filter>
    </ClCompile>
    <ClCompile Include="Src\Lib\stb_image.cpp">
      <Filter>源文件\Lib</Filter>
    </ClCompile>
    <ClCompile Include="Src\Gensin\Player\PlayerAirState.cpp">
      <Filter>源文件\Genshin\Player</Filter>
    </ClCompile>
    <ClCompile Include="Src\Gensin\Player\PlayerGroundedState.cpp">
      <Filter>源文件\Genshin\Player</Filter>
    </ClCompile>
    <ClCompile Include="Src\Gensin\Player\PlayerIdelState.cpp">
      <Filter>源文件\Genshin\Player</Filter>
    </ClCompile>
    <ClCompile Include="Src\Gensin\Player\PlayerJumpState.cpp">
      <Filter>源文件\Genshin\Player</Filter>
    </ClCompile>
    <ClCompile Include="Src\Gensin\Player\PlayerMoveState.cpp">
      <Filter>源文件\Genshin\Player</Filter>
    </ClCompile>
    <ClCompile Include="Src\Gensin\Player\PlayerSlideState.cpp">
      <Filter>源文件\Genshin\Player</Filter>
    </ClCompile>
    <ClCompile Include="Src\Gensin\Player\PlayerState.cpp">
      <Filter>源文件\Genshin\Player</Filter>
    </ClCompile>
    <ClCompile Include="Src\Gensin\Player\PlayerStateMachine.cpp">
      <Filter>源文件\Genshin\Player</Filter>
    </ClCompile>
    <ClCompile Include="Src\Gensin\Player\Player.cpp">
      <Filter>源文件\Genshin\Player</Filter>
    </ClCompile>
    <ClCompile Include="Src\Gensin\Entity\Entity.cpp">
      <Filter>源文件\Genshin\Entity</Filter>
    </ClCompile>
    <ClCompile Include="Src\Gensin\Enemy\EnemyState.cpp">
      <Filter>源文件\Genshin\Enemy</Filter>
    </ClCompile>
    <ClCompile Include="Src\Gensin\Enemy\EnemyStateMachine.cpp">
      <Filter>源文件\Genshin\Enemy</Filter>
    </ClCompile>
    <ClCompile Include="Src\Gensin\Enemy\Enemy.cpp">
      <Filter>源文件\Genshin\Enemy</Filter>
    </ClCompile>
    <ClCompile Include="Src\Gensin\Ground\Ground.cpp">
      <Filter>源文件\Genshin\Ground</Filter>
    </ClCompile>
    <ClCompile Include="Src\Gensin\GameObject\GameObject.cpp">
      <Filter>源文件\Genshin\GameObject</Filter>
    </ClCompile>
    <ClCompile Include="Src\Utils\Animator.cpp">
      <Filter>源文件\Utils</Filter>
    </ClCompile>
  </ItemGroup>
  <ItemGroup>
    <ClInclude Include="Including\Utils\animation.h">
      <Filter>头文件\Utils</Filter>
    </ClInclude>
    <ClInclude Include="Including\Utils\animator.h">
      <Filter>头文件\Utils</Filter>
    </ClInclude>
    <ClInclude Include="Including\Utils\animdata.h">
      <Filter>头文件\Utils</Filter>
    </ClInclude>
    <ClInclude Include="Including\Utils\assimp_glm_helpers.h">
      <Filter>头文件\Utils</Filter>
    </ClInclude>
    <ClInclude Include="Including\Utils\bone.h">
      <Filter>头文件\Utils</Filter>
    </ClInclude>
    <ClInclude Include="Including\Utils\camera.h">
      <Filter>头文件\Utils</Filter>
    </ClInclude>
    <ClInclude Include="Including\Utils\Cinemachine.h">
      <Filter>头文件\Utils</Filter>
    </ClInclude>
    <ClInclude Include="Including\Utils\mesh.h">
      <Filter>头文件\Utils</Filter>
    </ClInclude>
    <ClInclude Include="Including\Utils\model.h">
      <Filter>头文件\Utils</Filter>
    </ClInclude>
    <ClInclude Include="Including\Utils\model_animation.h">
      <Filter>头文件\Utils</Filter>
    </ClInclude>
    <ClInclude Include="Including\Utils\shader.h">
      <Filter>头文件\Utils</Filter>
    </ClInclude>
    <ClInclude Include="..\learnOpenGL\stb_image.h">
      <Filter>头文件\Utils</Filter>
    </ClInclude>
    <ClInclude Include="Including\Lib\stb_image.h">
      <Filter>头文件\Lib</Filter>
    </ClInclude>
    <ClInclude Include="Including\Gensin\Entity\Entity.h">
      <Filter>头文件\Genshin\Entity</Filter>
    </ClInclude>
    <ClInclude Include="Including\Gensin\Player\Player.h">
      <Filter>头文件\Genshin\Player</Filter>
    </ClInclude>
    <ClInclude Include="Including\Gensin\Player\PlayerAirState.h">
      <Filter>头文件\Genshin\Player</Filter>
    </ClInclude>
    <ClInclude Include="Including\Gensin\Player\PlayerGroundedState.h">
      <Filter>头文件\Genshin\Player</Filter>
    </ClInclude>
    <ClInclude Include="Including\Gensin\Player\PlayerIdleState.h">
      <Filter>头文件\Genshin\Player</Filter>
    </ClInclude>
    <ClInclude Include="Including\Gensin\Player\PlayerJumpState.h">
      <Filter>头文件\Genshin\Player</Filter>
    </ClInclude>
    <ClInclude Include="Including\Gensin\Player\PlayerMoveState.h">
      <Filter>头文件\Genshin\Player</Filter>
    </ClInclude>
    <ClInclude Include="Including\Gensin\Player\PlayerSlideState.h">
      <Filter>头文件\Genshin\Player</Filter>
    </ClInclude>
    <ClInclude Include="Including\Gensin\Player\PlayerState.h">
      <Filter>头文件\Genshin\Player</Filter>
    </ClInclude>
    <ClInclude Include="Including\Gensin\Player\PlayerStateMachine.h">
      <Filter>头文件\Genshin\Player</Filter>
    </ClInclude>
    <ClInclude Include="Including\Gensin\Ground\Ground.h">
      <Filter>头文件\Genshin\Ground</Filter>
    </ClInclude>
    <ClInclude Include="Including\Gensin\App\Main.h">
      <Filter>头文件\Genshin\App</Filter>
    </ClInclude>
    <ClInclude Include="Including\Gensin\GameObject\GameObject.h">
      <Filter>头文件\Genshin\GameObject</Filter>
    </ClInclude>
  </ItemGroup>
</Project>